
Microsoft Visual Studio Solution File, Format Version 12.00
# Visual Studio Version 17
VisualStudioVersion = 17.9.34607.119
MinimumVisualStudioVersion = 10.0.40219.1
Project("{FAE04EC0-301F-11D3-BF4B-00C04F79EFBC}") = "FerumServer", "FerumServer\FerumServer.csproj", "{C78EED58-4A0B-4459-A76E-8D9BDC0E71E8}"
EndProject
Project("{FAE04EC0-301F-11D3-BF4B-00C04F79EFBC}") = "FerumClient", "FerumClient\FerumClient.csproj", "{6B4FC918-5A03-419F-B865-3DDA4004AB4B}"
EndProject
Project("{54435603-DBB4-11D2-8724-00A0C9A8B90C}") = "FerumSetup", "FerumSetup\FerumSetup.vdproj", "{2BE681F1-9CBB-4F39-96A5-AA0CD6B877BF}"
EndProject
Project("{FAE04EC0-301F-11D3-BF4B-00C04F79EFBC}") = "FerumServerWPF", "FerumServerWPF\FerumServerWPF.csproj", "{3B9E4568-67C3-4217-A8DB-C98DD7C37439}"
EndProject
Global
	GlobalSection(SolutionConfigurationPlatforms) = preSolution
		Debug|Any CPU = Debug|Any CPU
		Debug|arm64 = Debug|arm64
		Debug|x86 = Debug|x86
		Release|Any CPU = Release|Any CPU
		Release|arm64 = Release|arm64
		Release|x86 = Release|x86
	EndGlobalSection
	GlobalSection(ProjectConfigurationPlatforms) = postSolution
		{C78EED58-4A0B-4459-A76E-8D9BDC0E71E8}.Debug|Any CPU.ActiveCfg = Debug|Any CPU
		{C78EED58-4A0B-4459-A76E-8D9BDC0E71E8}.Debug|Any CPU.Build.0 = Debug|Any CPU
		{C78EED58-4A0B-4459-A76E-8D9BDC0E71E8}.Debug|arm64.ActiveCfg = Debug|Any CPU
		{C78EED58-4A0B-4459-A76E-8D9BDC0E71E8}.Debug|arm64.Build.0 = Debug|Any CPU
		{C78EED58-4A0B-4459-A76E-8D9BDC0E71E8}.Debug|x86.ActiveCfg = Debug|Any CPU
		{C78EED58-4A0B-4459-A76E-8D9BDC0E71E8}.Debug|x86.Build.0 = Debug|Any CPU
		{C78EED58-4A0B-4459-A76E-8D9BDC0E71E8}.Release|Any CPU.ActiveCfg = Release|Any CPU
		{C78EED58-4A0B-4459-A76E-8D9BDC0E71E8}.Release|Any CPU.Build.0 = Release|Any CPU
		{C78EED58-4A0B-4459-A76E-8D9BDC0E71E8}.Release|arm64.ActiveCfg = Release|Any CPU
		{C78EED58-4A0B-4459-A76E-8D9BDC0E71E8}.Release|arm64.Build.0 = Release|Any CPU
		{C78EED58-4A0B-4459-A76E-8D9BDC0E71E8}.Release|x86.ActiveCfg = Release|Any CPU
		{C78EED58-4A0B-4459-A76E-8D9BDC0E71E8}.Release|x86.Build.0 = Release|Any CPU
		{6B4FC918-5A03-419F-B865-3DDA4004AB4B}.Debug|Any CPU.ActiveCfg = Debug|Any CPU
		{6B4FC918-5A03-419F-B865-3DDA4004AB4B}.Debug|Any CPU.Build.0 = Debug|Any CPU
		{6B4FC918-5A03-419F-B865-3DDA4004AB4B}.Debug|arm64.ActiveCfg = Debug|Any CPU
		{6B4FC918-5A03-419F-B865-3DDA4004AB4B}.Debug|arm64.Build.0 = Debug|Any CPU
		{6B4FC918-5A03-419F-B865-3DDA4004AB4B}.Debug|x86.ActiveCfg = Debug|Any CPU
		{6B4FC918-5A03-419F-B865-3DDA4004AB4B}.Debug|x86.Build.0 = Debug|Any CPU
		{6B4FC918-5A03-419F-B865-3DDA4004AB4B}.Release|Any CPU.ActiveCfg = Release|Any CPU
		{6B4FC918-5A03-419F-B865-3DDA4004AB4B}.Release|Any CPU.Build.0 = Release|Any CPU
		{6B4FC918-5A03-419F-B865-3DDA4004AB4B}.Release|arm64.ActiveCfg = Release|Any CPU
		{6B4FC918-5A03-419F-B865-3DDA4004AB4B}.Release|arm64.Build.0 = Release|Any CPU
		{6B4FC918-5A03-419F-B865-3DDA4004AB4B}.Release|x86.ActiveCfg = Release|Any CPU
		{6B4FC918-5A03-419F-B865-3DDA4004AB4B}.Release|x86.Build.0 = Release|Any CPU
		{2BE681F1-9CBB-4F39-96A5-AA0CD6B877BF}.Debug|Any CPU.ActiveCfg = Debug
		{2BE681F1-9CBB-4F39-96A5-AA0CD6B877BF}.Debug|arm64.ActiveCfg = Debug
		{2BE681F1-9CBB-4F39-96A5-AA0CD6B877BF}.Debug|x86.ActiveCfg = Debug
		{2BE681F1-9CBB-4F39-96A5-AA0CD6B877BF}.Release|Any CPU.ActiveCfg = Release
		{2BE681F1-9CBB-4F39-96A5-AA0CD6B877BF}.Release|arm64.ActiveCfg = Release
		{2BE681F1-9CBB-4F39-96A5-AA0CD6B877BF}.Release|x86.ActiveCfg = Release
		{3B9E4568-67C3-4217-A8DB-C98DD7C37439}.Debug|Any CPU.ActiveCfg = Debug|Any CPU
		{3B9E4568-67C3-4217-A8DB-C98DD7C37439}.Debug|Any CPU.Build.0 = Debug|Any CPU
		{3B9E4568-67C3-4217-A8DB-C98DD7C37439}.Debug|arm64.ActiveCfg = Debug|Any CPU
		{3B9E4568-67C3-4217-A8DB-C98DD7C37439}.Debug|arm64.Build.0 = Debug|Any CPU
		{3B9E4568-67C3-4217-A8DB-C98DD7C37439}.Debug|x86.ActiveCfg = Debug|Any CPU
		{3B9E4568-67C3-4217-A8DB-C98DD7C37439}.Debug|x86.Build.0 = Debug|Any CPU
		{3B9E4568-67C3-4217-A8DB-C98DD7C37439}.Release|Any CPU.ActiveCfg = Release|Any CPU
		{3B9E4568-67C3-4217-A8DB-C98DD7C37439}.Release|Any CPU.Build.0 = Release|Any CPU
		{3B9E4568-67C3-4217-A8DB-C98DD7C37439}.Release|arm64.ActiveCfg = Release|Any CPU
		{3B9E4568-67C3-4217-A8DB-C98DD7C37439}.Release|arm64.Build.0 = Release|Any CPU
		{3B9E4568-67C3-4217-A8DB-C98DD7C37439}.Release|x86.ActiveCfg = Release|Any CPU
		{3B9E4568-67C3-4217-A8DB-C98DD7C37439}.Release|x86.Build.0 = Release|Any CPU
	EndGlobalSection
	GlobalSection(SolutionProperties) = preSolution
		HideSolutionNode = FALSE
	EndGlobalSection
	GlobalSection(ExtensibilityGlobals) = postSolution
		SolutionGuid = {89D6B480-246B-41CD-A63A-A99E698E8E62}
	EndGlobalSection
EndGlobal
